
Microsoft Visual Studio Solution File, Format Version 12.00
# Visual Studio Version 16
VisualStudioVersion = 16.0.29613.14
MinimumVisualStudioVersion = 10.0.40219.1
Project("{FAE04EC0-301F-11D3-BF4B-00C04F79EFBC}") = "Fast_fourier_transform", "Fast_fourier_transform\Fast_fourier_transform.csproj", "{9AB19749-E78C-4368-B5C5-DD0D37D0CDED}"
EndProject
Global
	GlobalSection(SolutionConfigurationPlatforms) = preSolution
		Debug|Any CPU = Debug|Any CPU
		Release|Any CPU = Release|Any CPU
	EndGlobalSection
	GlobalSection(ProjectConfigurationPlatforms) = postSolution
		{9AB19749-E78C-4368-B5C5-DD0D37D0CDED}.Debug|Any CPU.ActiveCfg = Debug|Any CPU
		{9AB19749-E78C-4368-B5C5-DD0D37D0CDED}.Debug|Any CPU.Build.0 = Debug|Any CPU
		{9AB19749-E78C-4368-B5C5-DD0D37D0CDED}.Release|Any CPU.ActiveCfg = Release|Any CPU
		{9AB19749-E78C-4368-B5C5-DD0D37D0CDED}.Release|Any CPU.Build.0 = Release|Any CPU
	EndGlobalSection
	GlobalSection(SolutionProperties) = preSolution
		HideSolutionNode = FALSE
	EndGlobalSection
	GlobalSection(ExtensibilityGlobals) = postSolution
		SolutionGuid = {A0A2DD74-72DB-4289-9F2F-928F89C2A460}
	EndGlobalSection
EndGlobal
